{
  "requires": true,
  "lockfileVersion": 1,
  "dependencies": {
    "gems": {
      "version": "0.0.1",
      "resolved": "https://registry.npmjs.org/gems/-/gems-0.0.1.tgz",
      "integrity": "sha512-RE2MQ0dJczvP4uevQ4uTebydZYr7P+KLYvcJcWzU2UkDTeyOln7filyFqFRfDaWTdDiAkqOnNLSJ1CUyNPNR0Q=="
    },
    "jekyll": {
      "version": "3.0.0-beta1",
      "resolved": "https://registry.npmjs.org/jekyll/-/jekyll-3.0.0-beta1.tgz",
      "integrity": "sha1-MnSfAwBM/yF78pmI9uRCBgZHn/k="
    }
  }
}
